
Microsoft Visual Studio Solution File, Format Version 12.00
# Visual Studio 15
VisualStudioVersion = 15.0.28010.2019
MinimumVisualStudioVersion = 10.0.40219.1
Project("{2150E333-8FDC-42A3-9474-1A3956D46DE8}") = "CRM", "CRM", "{64D2C020-AA9E-4F16-A4A0-AAEF98654909}"
EndProject
Project("{2150E333-8FDC-42A3-9474-1A3956D46DE8}") = "BI", "BI", "{551CBB00-333F-4D37-98F5-E5B5632ACA1A}"
EndProject
Project("{2150E333-8FDC-42A3-9474-1A3956D46DE8}") = "OptimalPackage", "OptimalPackage", "{8CC9E2DC-0D39-4295-8366-1CD5E2D6B63B}"
EndProject
Project("{2150E333-8FDC-42A3-9474-1A3956D46DE8}") = "Common", "Common", "{69F06046-0F5E-49A7-AFF6-9C89F98177EF}"
EndProject
Project("{2150E333-8FDC-42A3-9474-1A3956D46DE8}") = "Invoices", "Invoices", "{AB66DB59-480B-4150-9008-443252F12993}"
EndProject
Project("{2150E333-8FDC-42A3-9474-1A3956D46DE8}") = "Server", "Server", "{5D80729B-A544-4671-AF8E-C5234E49FD02}"
EndProject
Project("{9A19103F-16F7-4668-BE54-9A1E7A4F7556}") = "Cellular.Common", "Cellular.Common\Cellular.Common.csproj", "{DBFECAE6-6A36-44F0-8BAE-FB5070E91C58}"
EndProject
Project("{9A19103F-16F7-4668-BE54-9A1E7A4F7556}") = "CRM.Common", "CRM.Common\CRM.Common.csproj", "{DE923941-1B06-4216-B17B-F3428ACD4E81}"
EndProject
Project("{2150E333-8FDC-42A3-9474-1A3956D46DE8}") = "MainDal", "MainDal", "{D9042388-B9F1-4F59-B402-AAB3B9E7CE91}"
EndProject
Project("{FAE04EC0-301F-11D3-BF4B-00C04F79EFBC}") = "Cellular.MainDal", "Cellular.MainDal\Cellular.MainDal.csproj", "{DCFC2E3C-1EC9-4F3F-ACFB-9D08494A74B8}"
EndProject
Project("{9A19103F-16F7-4668-BE54-9A1E7A4F7556}") = "Invoices.Common", "Invoices.Common\Invoices.Common.csproj", "{351DD43B-BA21-4D14-B8B0-70DB6101DCCF}"
EndProject
Project("{9A19103F-16F7-4668-BE54-9A1E7A4F7556}") = "Invoices.DAL", "Invoices.DAL\Invoices.DAL.csproj", "{2BBEAD2A-28BE-4782-BDE8-870EFF035AA9}"
EndProject
Project("{9A19103F-16F7-4668-BE54-9A1E7A4F7556}") = "Invoices.BL", "Invoices.BL\Invoices.BL.csproj", "{856BD15E-2FE3-4B5F-9F85-B1E06BF09801}"
EndProject
Project("{9A19103F-16F7-4668-BE54-9A1E7A4F7556}") = "OptimalPackage.Common", "OptimalPackage.Common\OptimalPackage.Common.csproj", "{289139D3-2C0B-42D7-8AF8-470C121E80F0}"
EndProject
Project("{9A19103F-16F7-4668-BE54-9A1E7A4F7556}") = "OptimalPackage.BL", "OptimalPackage.BL\OptimalPackage.BL.csproj", "{18C236CF-A053-4DC8-ABE7-F83665A172A2}"
EndProject
Project("{9A19103F-16F7-4668-BE54-9A1E7A4F7556}") = "OptimalPackage.DAL", "OptimalPackage.DAL\OptimalPackage.DAL.csproj", "{03CDD1E5-041B-4900-9955-4BA6BA429C38}"
EndProject
Project("{FAE04EC0-301F-11D3-BF4B-00C04F79EFBC}") = "Cellular.Server", "Cellular.Server\Cellular.Server.csproj", "{741B703C-F24C-419D-9284-EAE0B9DA2ABF}"
EndProject
Project("{FAE04EC0-301F-11D3-BF4B-00C04F79EFBC}") = "MainDAL.Tests", "MainDAL.Tests\MainDAL.Tests.csproj", "{33113368-46E4-4EA5-AE4D-89F545D36C64}"
EndProject
Project("{9A19103F-16F7-4668-BE54-9A1E7A4F7556}") = "CRM.Bl", "CRM.Bl\CRM.Bl.csproj", "{EDFD9A4F-CF32-4980-B1B4-12D10FD074F5}"
EndProject
Project("{FAE04EC0-301F-11D3-BF4B-00C04F79EFBC}") = "CRM.Dal", "CRM.Dal\CRM.Dal.csproj", "{C2EC6ED9-AE9A-47B8-A1E0-5C8AF6F470EC}"
EndProject
Global
	GlobalSection(SolutionConfigurationPlatforms) = preSolution
		Debug|Any CPU = Debug|Any CPU
		Release|Any CPU = Release|Any CPU
	EndGlobalSection
	GlobalSection(ProjectConfigurationPlatforms) = postSolution
		{DBFECAE6-6A36-44F0-8BAE-FB5070E91C58}.Debug|Any CPU.ActiveCfg = Debug|Any CPU
		{DBFECAE6-6A36-44F0-8BAE-FB5070E91C58}.Debug|Any CPU.Build.0 = Debug|Any CPU
		{DBFECAE6-6A36-44F0-8BAE-FB5070E91C58}.Release|Any CPU.ActiveCfg = Release|Any CPU
		{DBFECAE6-6A36-44F0-8BAE-FB5070E91C58}.Release|Any CPU.Build.0 = Release|Any CPU
		{DE923941-1B06-4216-B17B-F3428ACD4E81}.Debug|Any CPU.ActiveCfg = Debug|Any CPU
		{DE923941-1B06-4216-B17B-F3428ACD4E81}.Debug|Any CPU.Build.0 = Debug|Any CPU
		{DE923941-1B06-4216-B17B-F3428ACD4E81}.Release|Any CPU.ActiveCfg = Release|Any CPU
		{DE923941-1B06-4216-B17B-F3428ACD4E81}.Release|Any CPU.Build.0 = Release|Any CPU
		{DCFC2E3C-1EC9-4F3F-ACFB-9D08494A74B8}.Debug|Any CPU.ActiveCfg = Debug|Any CPU
		{DCFC2E3C-1EC9-4F3F-ACFB-9D08494A74B8}.Debug|Any CPU.Build.0 = Debug|Any CPU
		{DCFC2E3C-1EC9-4F3F-ACFB-9D08494A74B8}.Release|Any CPU.ActiveCfg = Release|Any CPU
		{DCFC2E3C-1EC9-4F3F-ACFB-9D08494A74B8}.Release|Any CPU.Build.0 = Release|Any CPU
		{351DD43B-BA21-4D14-B8B0-70DB6101DCCF}.Debug|Any CPU.ActiveCfg = Debug|Any CPU
		{351DD43B-BA21-4D14-B8B0-70DB6101DCCF}.Debug|Any CPU.Build.0 = Debug|Any CPU
		{351DD43B-BA21-4D14-B8B0-70DB6101DCCF}.Release|Any CPU.ActiveCfg = Release|Any CPU
		{351DD43B-BA21-4D14-B8B0-70DB6101DCCF}.Release|Any CPU.Build.0 = Release|Any CPU
		{2BBEAD2A-28BE-4782-BDE8-870EFF035AA9}.Debug|Any CPU.ActiveCfg = Debug|Any CPU
		{2BBEAD2A-28BE-4782-BDE8-870EFF035AA9}.Debug|Any CPU.Build.0 = Debug|Any CPU
		{2BBEAD2A-28BE-4782-BDE8-870EFF035AA9}.Release|Any CPU.ActiveCfg = Release|Any CPU
		{2BBEAD2A-28BE-4782-BDE8-870EFF035AA9}.Release|Any CPU.Build.0 = Release|Any CPU
		{856BD15E-2FE3-4B5F-9F85-B1E06BF09801}.Debug|Any CPU.ActiveCfg = Debug|Any CPU
		{856BD15E-2FE3-4B5F-9F85-B1E06BF09801}.Debug|Any CPU.Build.0 = Debug|Any CPU
		{856BD15E-2FE3-4B5F-9F85-B1E06BF09801}.Release|Any CPU.ActiveCfg = Release|Any CPU
		{856BD15E-2FE3-4B5F-9F85-B1E06BF09801}.Release|Any CPU.Build.0 = Release|Any CPU
		{289139D3-2C0B-42D7-8AF8-470C121E80F0}.Debug|Any CPU.ActiveCfg = Debug|Any CPU
		{289139D3-2C0B-42D7-8AF8-470C121E80F0}.Debug|Any CPU.Build.0 = Debug|Any CPU
		{289139D3-2C0B-42D7-8AF8-470C121E80F0}.Release|Any CPU.ActiveCfg = Release|Any CPU
		{289139D3-2C0B-42D7-8AF8-470C121E80F0}.Release|Any CPU.Build.0 = Release|Any CPU
		{18C236CF-A053-4DC8-ABE7-F83665A172A2}.Debug|Any CPU.ActiveCfg = Debug|Any CPU
		{18C236CF-A053-4DC8-ABE7-F83665A172A2}.Debug|Any CPU.Build.0 = Debug|Any CPU
		{18C236CF-A053-4DC8-ABE7-F83665A172A2}.Release|Any CPU.ActiveCfg = Release|Any CPU
		{18C236CF-A053-4DC8-ABE7-F83665A172A2}.Release|Any CPU.Build.0 = Release|Any CPU
		{03CDD1E5-041B-4900-9955-4BA6BA429C38}.Debug|Any CPU.ActiveCfg = Debug|Any CPU
		{03CDD1E5-041B-4900-9955-4BA6BA429C38}.Debug|Any CPU.Build.0 = Debug|Any CPU
		{03CDD1E5-041B-4900-9955-4BA6BA429C38}.Release|Any CPU.ActiveCfg = Release|Any CPU
		{03CDD1E5-041B-4900-9955-4BA6BA429C38}.Release|Any CPU.Build.0 = Release|Any CPU
		{741B703C-F24C-419D-9284-EAE0B9DA2ABF}.Debug|Any CPU.ActiveCfg = Debug|Any CPU
		{741B703C-F24C-419D-9284-EAE0B9DA2ABF}.Debug|Any CPU.Build.0 = Debug|Any CPU
		{741B703C-F24C-419D-9284-EAE0B9DA2ABF}.Release|Any CPU.ActiveCfg = Release|Any CPU
		{741B703C-F24C-419D-9284-EAE0B9DA2ABF}.Release|Any CPU.Build.0 = Release|Any CPU
		{33113368-46E4-4EA5-AE4D-89F545D36C64}.Debug|Any CPU.ActiveCfg = Debug|Any CPU
		{33113368-46E4-4EA5-AE4D-89F545D36C64}.Debug|Any CPU.Build.0 = Debug|Any CPU
		{33113368-46E4-4EA5-AE4D-89F545D36C64}.Release|Any CPU.ActiveCfg = Release|Any CPU
		{33113368-46E4-4EA5-AE4D-89F545D36C64}.Release|Any CPU.Build.0 = Release|Any CPU
		{EDFD9A4F-CF32-4980-B1B4-12D10FD074F5}.Debug|Any CPU.ActiveCfg = Debug|Any CPU
		{EDFD9A4F-CF32-4980-B1B4-12D10FD074F5}.Debug|Any CPU.Build.0 = Debug|Any CPU
		{EDFD9A4F-CF32-4980-B1B4-12D10FD074F5}.Release|Any CPU.ActiveCfg = Release|Any CPU
		{EDFD9A4F-CF32-4980-B1B4-12D10FD074F5}.Release|Any CPU.Build.0 = Release|Any CPU
		{C2EC6ED9-AE9A-47B8-A1E0-5C8AF6F470EC}.Debug|Any CPU.ActiveCfg = Debug|Any CPU
		{C2EC6ED9-AE9A-47B8-A1E0-5C8AF6F470EC}.Debug|Any CPU.Build.0 = Debug|Any CPU
		{C2EC6ED9-AE9A-47B8-A1E0-5C8AF6F470EC}.Release|Any CPU.ActiveCfg = Release|Any CPU
		{C2EC6ED9-AE9A-47B8-A1E0-5C8AF6F470EC}.Release|Any CPU.Build.0 = Release|Any CPU
	EndGlobalSection
	GlobalSection(SolutionProperties) = preSolution
		HideSolutionNode = FALSE
	EndGlobalSection
	GlobalSection(NestedProjects) = preSolution
		{DBFECAE6-6A36-44F0-8BAE-FB5070E91C58} = {69F06046-0F5E-49A7-AFF6-9C89F98177EF}
		{DE923941-1B06-4216-B17B-F3428ACD4E81} = {64D2C020-AA9E-4F16-A4A0-AAEF98654909}
		{DCFC2E3C-1EC9-4F3F-ACFB-9D08494A74B8} = {D9042388-B9F1-4F59-B402-AAB3B9E7CE91}
		{351DD43B-BA21-4D14-B8B0-70DB6101DCCF} = {AB66DB59-480B-4150-9008-443252F12993}
		{2BBEAD2A-28BE-4782-BDE8-870EFF035AA9} = {AB66DB59-480B-4150-9008-443252F12993}
		{856BD15E-2FE3-4B5F-9F85-B1E06BF09801} = {AB66DB59-480B-4150-9008-443252F12993}
		{289139D3-2C0B-42D7-8AF8-470C121E80F0} = {8CC9E2DC-0D39-4295-8366-1CD5E2D6B63B}
		{18C236CF-A053-4DC8-ABE7-F83665A172A2} = {8CC9E2DC-0D39-4295-8366-1CD5E2D6B63B}
		{03CDD1E5-041B-4900-9955-4BA6BA429C38} = {8CC9E2DC-0D39-4295-8366-1CD5E2D6B63B}
		{741B703C-F24C-419D-9284-EAE0B9DA2ABF} = {5D80729B-A544-4671-AF8E-C5234E49FD02}
		{33113368-46E4-4EA5-AE4D-89F545D36C64} = {D9042388-B9F1-4F59-B402-AAB3B9E7CE91}
		{EDFD9A4F-CF32-4980-B1B4-12D10FD074F5} = {64D2C020-AA9E-4F16-A4A0-AAEF98654909}
		{C2EC6ED9-AE9A-47B8-A1E0-5C8AF6F470EC} = {64D2C020-AA9E-4F16-A4A0-AAEF98654909}
	EndGlobalSection
	GlobalSection(ExtensibilityGlobals) = postSolution
		SolutionGuid = {A65EEACA-CBEF-48B2-8CE9-5AAA600C38FF}
	EndGlobalSection
EndGlobal
